
Microsoft Visual Studio Solution File, Format Version 12.00
# Visual Studio Version 17
VisualStudioVersion = 17.14.36518.9 d17.14
MinimumVisualStudioVersion = 10.0.40219.1
Project("{FAE04EC0-301F-11D3-BF4B-00C04F79EFBC}") = "UmbracoCMSProject", "UmbracoCMSProject\UmbracoCMSProject.csproj", "{0E329B51-AC11-4F08-A960-638AF4634BEE}"
EndProject
Global
	GlobalSection(SolutionConfigurationPlatforms) = preSolution
		Debug|Any CPU = Debug|Any CPU
		Release|Any CPU = Release|Any CPU
	EndGlobalSection
	GlobalSection(ProjectConfigurationPlatforms) = postSolution
		{0E329B51-AC11-4F08-A960-638AF4634BEE}.Debug|Any CPU.ActiveCfg = Debug|Any CPU
		{0E329B51-AC11-4F08-A960-638AF4634BEE}.Debug|Any CPU.Build.0 = Debug|Any CPU
		{0E329B51-AC11-4F08-A960-638AF4634BEE}.Release|Any CPU.ActiveCfg = Release|Any CPU
		{0E329B51-AC11-4F08-A960-638AF4634BEE}.Release|Any CPU.Build.0 = Release|Any CPU
	EndGlobalSection
	GlobalSection(SolutionProperties) = preSolution
		HideSolutionNode = FALSE
	EndGlobalSection
	GlobalSection(ExtensibilityGlobals) = postSolution
		SolutionGuid = {14E7C765-C203-4670-982E-34E91427C302}
	EndGlobalSection
EndGlobal
